
Microsoft Visual Studio Solution File, Format Version 10.00
# Visual C++ Express 2008
Project("{8BC9CEB8-8B4A-11D0-8D11-00A0C91BC942}") = "inheritance", "inheritance\inheritance.vcproj", "{59CE8527-03A6-4F3D-8B81-CE13C8FF091A}"
EndProject
Global
	GlobalSection(SolutionConfigurationPlatforms) = preSolution
		Debug|Win32 = Debug|Win32
		Release|Win32 = Release|Win32
	EndGlobalSection
	GlobalSection(ProjectConfigurationPlatforms) = postSolution
		{59CE8527-03A6-4F3D-8B81-CE13C8FF091A}.Debug|Win32.ActiveCfg = Debug|Win32
		{59CE8527-03A6-4F3D-8B81-CE13C8FF091A}.Debug|Win32.Build.0 = Debug|Win32
		{59CE8527-03A6-4F3D-8B81-CE13C8FF091A}.Release|Win32.ActiveCfg = Release|Win32
		{59CE8527-03A6-4F3D-8B81-CE13C8FF091A}.Release|Win32.Build.0 = Release|Win32
	EndGlobalSection
	GlobalSection(SolutionProperties) = preSolution
		HideSolutionNode = FALSE
	EndGlobalSection
EndGlobal
